
Microsoft Visual Studio Solution File, Format Version 12.00
Project("{FAE04EC0-301F-11D3-BF4B-00C04F79EFBC}") = "naloga01", "naloga01\naloga01.csproj", "{D2666C6B-D6A0-41C8-8ED9-0348E5A7094B}"
EndProject
Project("{FAE04EC0-301F-11D3-BF4B-00C04F79EFBC}") = "naloga02", "naloga02\naloga02.csproj", "{A807A83D-88F8-45D9-80F8-1D419A39BFA9}"
EndProject
Project("{FAE04EC0-301F-11D3-BF4B-00C04F79EFBC}") = "naloga03", "naloga03\naloga03.csproj", "{F9452C29-8A2A-4BC7-B92A-0226CC51BEBF}"
EndProject
Project("{FAE04EC0-301F-11D3-BF4B-00C04F79EFBC}") = "naloga04", "naloga04\naloga04.csproj", "{A7FBF7B3-33D7-4C50-A5AC-51B711C50B46}"
EndProject
Project("{FAE04EC0-301F-11D3-BF4B-00C04F79EFBC}") = "naloga05", "naloga05\naloga05.csproj", "{200F4963-E6C8-49C3-A125-8D765437E836}"
EndProject
Project("{FAE04EC0-301F-11D3-BF4B-00C04F79EFBC}") = "naloga06", "naloga06\naloga06.csproj", "{7B801675-C9CE-4A5E-875A-24245A08566B}"
EndProject
Project("{FAE04EC0-301F-11D3-BF4B-00C04F79EFBC}") = "naloga07", "naloga07\naloga07.csproj", "{84E337B1-A2AC-4172-8CC3-7E23B2ED60A5}"
EndProject
Global
	GlobalSection(SolutionConfigurationPlatforms) = preSolution
		Debug|Any CPU = Debug|Any CPU
		Release|Any CPU = Release|Any CPU
	EndGlobalSection
	GlobalSection(ProjectConfigurationPlatforms) = postSolution
		{D2666C6B-D6A0-41C8-8ED9-0348E5A7094B}.Debug|Any CPU.ActiveCfg = Debug|Any CPU
		{D2666C6B-D6A0-41C8-8ED9-0348E5A7094B}.Debug|Any CPU.Build.0 = Debug|Any CPU
		{D2666C6B-D6A0-41C8-8ED9-0348E5A7094B}.Release|Any CPU.ActiveCfg = Release|Any CPU
		{D2666C6B-D6A0-41C8-8ED9-0348E5A7094B}.Release|Any CPU.Build.0 = Release|Any CPU
		{A807A83D-88F8-45D9-80F8-1D419A39BFA9}.Debug|Any CPU.ActiveCfg = Debug|Any CPU
		{A807A83D-88F8-45D9-80F8-1D419A39BFA9}.Debug|Any CPU.Build.0 = Debug|Any CPU
		{A807A83D-88F8-45D9-80F8-1D419A39BFA9}.Release|Any CPU.ActiveCfg = Release|Any CPU
		{A807A83D-88F8-45D9-80F8-1D419A39BFA9}.Release|Any CPU.Build.0 = Release|Any CPU
		{F9452C29-8A2A-4BC7-B92A-0226CC51BEBF}.Debug|Any CPU.ActiveCfg = Debug|Any CPU
		{F9452C29-8A2A-4BC7-B92A-0226CC51BEBF}.Debug|Any CPU.Build.0 = Debug|Any CPU
		{F9452C29-8A2A-4BC7-B92A-0226CC51BEBF}.Release|Any CPU.ActiveCfg = Release|Any CPU
		{F9452C29-8A2A-4BC7-B92A-0226CC51BEBF}.Release|Any CPU.Build.0 = Release|Any CPU
		{A7FBF7B3-33D7-4C50-A5AC-51B711C50B46}.Debug|Any CPU.ActiveCfg = Debug|Any CPU
		{A7FBF7B3-33D7-4C50-A5AC-51B711C50B46}.Debug|Any CPU.Build.0 = Debug|Any CPU
		{A7FBF7B3-33D7-4C50-A5AC-51B711C50B46}.Release|Any CPU.ActiveCfg = Release|Any CPU
		{A7FBF7B3-33D7-4C50-A5AC-51B711C50B46}.Release|Any CPU.Build.0 = Release|Any CPU
		{200F4963-E6C8-49C3-A125-8D765437E836}.Debug|Any CPU.ActiveCfg = Debug|Any CPU
		{200F4963-E6C8-49C3-A125-8D765437E836}.Debug|Any CPU.Build.0 = Debug|Any CPU
		{200F4963-E6C8-49C3-A125-8D765437E836}.Release|Any CPU.ActiveCfg = Release|Any CPU
		{200F4963-E6C8-49C3-A125-8D765437E836}.Release|Any CPU.Build.0 = Release|Any CPU
		{7B801675-C9CE-4A5E-875A-24245A08566B}.Debug|Any CPU.ActiveCfg = Debug|Any CPU
		{7B801675-C9CE-4A5E-875A-24245A08566B}.Debug|Any CPU.Build.0 = Debug|Any CPU
		{7B801675-C9CE-4A5E-875A-24245A08566B}.Release|Any CPU.ActiveCfg = Release|Any CPU
		{7B801675-C9CE-4A5E-875A-24245A08566B}.Release|Any CPU.Build.0 = Release|Any CPU
		{84E337B1-A2AC-4172-8CC3-7E23B2ED60A5}.Debug|Any CPU.ActiveCfg = Debug|Any CPU
		{84E337B1-A2AC-4172-8CC3-7E23B2ED60A5}.Debug|Any CPU.Build.0 = Debug|Any CPU
		{84E337B1-A2AC-4172-8CC3-7E23B2ED60A5}.Release|Any CPU.ActiveCfg = Release|Any CPU
		{84E337B1-A2AC-4172-8CC3-7E23B2ED60A5}.Release|Any CPU.Build.0 = Release|Any CPU
	EndGlobalSection
EndGlobal
